{
  "object": {
    "pins": [
      {
        "package": "PhoneNumberKit",
        "repositoryURL": "git@github.com:renatokorez/PhoneNumberKit.git",
        "state": {
          "branch": null,
          "revision": "c7d7b0c91ef0ad7e413022edfcf5d6f75561e2d5",
          "version": "3.3.1"
        }
      }
    ]
  },
  "version": 1
}
